// !$*UTF8*$!
{
	archiveVersion = 1;
	classes = {
	};
	objectVersion = 46;
	objects = {

/* Begin PBXBuildFile section */
		4F32C285221DD69400FAA243 /* UDMFItems.cpp in Sources */ = {isa = PBXBuildFile; fileRef = 4F32C283221DD69400FAA243 /* UDMFItems.cpp */; };
		4F32C288221DE2F000FAA243 /* ExtraData.cpp in Sources */ = {isa = PBXBuildFile; fileRef = 4F32C286221DE2F000FAA243 /* ExtraData.cpp */; };
		4F8234B81F5AA11200761B6E /* Wad.cpp in Sources */ = {isa = PBXBuildFile; fileRef = 4F8234B61F5AA11200761B6E /* Wad.cpp */; };
		4F8234BB1F5AA17800761B6E /* Lump.cpp in Sources */ = {isa = PBXBuildFile; fileRef = 4F8234B91F5AA17800761B6E /* Lump.cpp */; };
		4F8234BE1F5AA25A00761B6E /* Result.cpp in Sources */ = {isa = PBXBuildFile; fileRef = 4F8234BC1F5AA25A00761B6E /* Result.cpp */; };
		4F8234C11F5AB98D00761B6E /* Helpers.cpp in Sources */ = {isa = PBXBuildFile; fileRef = 4F8234BF1F5AB98D00761B6E /* Helpers.cpp */; };
		4F8234C41F5ABA5900761B6E /* Arguments.cpp in Sources */ = {isa = PBXBuildFile; fileRef = 4F8234C21F5ABA5900761B6E /* Arguments.cpp */; };
		4F8234C71F5AD92000761B6E /* LineSpecialMapping.cpp in Sources */ = {isa = PBXBuildFile; fileRef = 4F8234C51F5AD92000761B6E /* LineSpecialMapping.cpp */; };
		4FC0A94F1E2435C8006CEC45 /* main.cpp in Sources */ = {isa = PBXBuildFile; fileRef = 4FC0A94E1E2435C8006CEC45 /* main.cpp */; };
		4FC0A99E1E2A9411006CEC45 /* i_platform.cpp in Sources */ = {isa = PBXBuildFile; fileRef = 4FC0A99C1E2A9411006CEC45 /* i_platform.cpp */; };
		4FC0A9A11E2A9434006CEC45 /* libz.tbd in Frameworks */ = {isa = PBXBuildFile; fileRef = 4FC0A9A01E2A9434006CEC45 /* libz.tbd */; };
		4FF7107920A8827A00A150E4 /* XLParser.cpp in Sources */ = {isa = PBXBuildFile; fileRef = 4FF7107720A8827A00A150E4 /* XLParser.cpp */; };
		4FF7107C20A88CD800A150E4 /* XLEMapInfoParser.cpp in Sources */ = {isa = PBXBuildFile; fileRef = 4FF7107A20A88CD800A150E4 /* XLEMapInfoParser.cpp */; };
		4FF7107F20A8C00100A150E4 /* DoomLevel.cpp in Sources */ = {isa = PBXBuildFile; fileRef = 4FF7107D20A8C00100A150E4 /* DoomLevel.cpp */; };
		4FF7108220A8C2DA00A150E4 /* DataStreamer.cpp in Sources */ = {isa = PBXBuildFile; fileRef = 4FF7108020A8C2DA00A150E4 /* DataStreamer.cpp */; };
		4FF7108820AA1AFA00A150E4 /* lexer.cpp in Sources */ = {isa = PBXBuildFile; fileRef = 4FF7108520AA1AFA00A150E4 /* lexer.cpp */; };
		4FF7108920AA1AFA00A150E4 /* confuse.cpp in Sources */ = {isa = PBXBuildFile; fileRef = 4FF7108720AA1AFA00A150E4 /* confuse.cpp */; };
		4FF7108C20AA1DFF00A150E4 /* d_io.cpp in Sources */ = {isa = PBXBuildFile; fileRef = 4FF7108B20AA1DFF00A150E4 /* d_io.cpp */; };
/* End PBXBuildFile section */

/* Begin PBXCopyFilesBuildPhase section */
		4FC0A9491E2435C8006CEC45 /* CopyFiles */ = {
			isa = PBXCopyFilesBuildPhase;
			buildActionMask = 2147483647;
			dstPath = /usr/share/man/man1/;
			dstSubfolderSpec = 0;
			files = (
			);
			runOnlyForDeploymentPostprocessing = 1;
		};
/* End PBXCopyFilesBuildPhase section */

/* Begin PBXFileReference section */
		4F32C283221DD69400FAA243 /* UDMFItems.cpp */ = {isa = PBXFileReference; lastKnownFileType = sourcecode.cpp.cpp; path = UDMFItems.cpp; sourceTree = "<group>"; };
		4F32C284221DD69400FAA243 /* UDMFItems.hpp */ = {isa = PBXFileReference; lastKnownFileType = sourcecode.cpp.h; path = UDMFItems.hpp; sourceTree = "<group>"; };
		4F32C286221DE2F000FAA243 /* ExtraData.cpp */ = {isa = PBXFileReference; lastKnownFileType = sourcecode.cpp.cpp; path = ExtraData.cpp; sourceTree = "<group>"; };
		4F32C287221DE2F000FAA243 /* ExtraData.hpp */ = {isa = PBXFileReference; lastKnownFileType = sourcecode.cpp.h; path = ExtraData.hpp; sourceTree = "<group>"; };
		4F8234B21F5A9FD700761B6E /* MapItems.h */ = {isa = PBXFileReference; lastKnownFileType = sourcecode.c.h; path = MapItems.h; sourceTree = "<group>"; };
		4F8234B61F5AA11200761B6E /* Wad.cpp */ = {isa = PBXFileReference; fileEncoding = 4; lastKnownFileType = sourcecode.cpp.cpp; path = Wad.cpp; sourceTree = "<group>"; };
		4F8234B71F5AA11200761B6E /* Wad.hpp */ = {isa = PBXFileReference; fileEncoding = 4; lastKnownFileType = sourcecode.cpp.h; path = Wad.hpp; sourceTree = "<group>"; };
		4F8234B91F5AA17800761B6E /* Lump.cpp */ = {isa = PBXFileReference; fileEncoding = 4; lastKnownFileType = sourcecode.cpp.cpp; path = Lump.cpp; sourceTree = "<group>"; };
		4F8234BA1F5AA17800761B6E /* Lump.hpp */ = {isa = PBXFileReference; fileEncoding = 4; lastKnownFileType = sourcecode.cpp.h; path = Lump.hpp; sourceTree = "<group>"; };
		4F8234BC1F5AA25A00761B6E /* Result.cpp */ = {isa = PBXFileReference; fileEncoding = 4; lastKnownFileType = sourcecode.cpp.cpp; path = Result.cpp; sourceTree = "<group>"; };
		4F8234BD1F5AA25A00761B6E /* Result.hpp */ = {isa = PBXFileReference; fileEncoding = 4; lastKnownFileType = sourcecode.cpp.h; path = Result.hpp; sourceTree = "<group>"; };
		4F8234BF1F5AB98D00761B6E /* Helpers.cpp */ = {isa = PBXFileReference; fileEncoding = 4; lastKnownFileType = sourcecode.cpp.cpp; path = Helpers.cpp; sourceTree = "<group>"; };
		4F8234C01F5AB98D00761B6E /* Helpers.hpp */ = {isa = PBXFileReference; fileEncoding = 4; lastKnownFileType = sourcecode.cpp.h; path = Helpers.hpp; sourceTree = "<group>"; };
		4F8234C21F5ABA5900761B6E /* Arguments.cpp */ = {isa = PBXFileReference; fileEncoding = 4; lastKnownFileType = sourcecode.cpp.cpp; path = Arguments.cpp; sourceTree = "<group>"; };
		4F8234C31F5ABA5900761B6E /* Arguments.hpp */ = {isa = PBXFileReference; fileEncoding = 4; lastKnownFileType = sourcecode.cpp.h; path = Arguments.hpp; sourceTree = "<group>"; };
		4F8234C51F5AD92000761B6E /* LineSpecialMapping.cpp */ = {isa = PBXFileReference; fileEncoding = 4; lastKnownFileType = sourcecode.cpp.cpp; path = LineSpecialMapping.cpp; sourceTree = "<group>"; };
		4F8234C61F5AD92000761B6E /* LineSpecialMapping.hpp */ = {isa = PBXFileReference; fileEncoding = 4; lastKnownFileType = sourcecode.cpp.h; path = LineSpecialMapping.hpp; sourceTree = "<group>"; };
		4FC0A94B1E2435C8006CEC45 /* UDMF-Converter-EE */ = {isa = PBXFileReference; explicitFileType = "compiled.mach-o.executable"; includeInIndex = 0; path = "UDMF-Converter-EE"; sourceTree = BUILT_PRODUCTS_DIR; };
		4FC0A94E1E2435C8006CEC45 /* main.cpp */ = {isa = PBXFileReference; lastKnownFileType = sourcecode.cpp.cpp; path = main.cpp; sourceTree = "<group>"; };
		4FC0A99C1E2A9411006CEC45 /* i_platform.cpp */ = {isa = PBXFileReference; fileEncoding = 4; lastKnownFileType = sourcecode.cpp.cpp; path = i_platform.cpp; sourceTree = "<group>"; };
		4FC0A99D1E2A9411006CEC45 /* i_platform.h */ = {isa = PBXFileReference; fileEncoding = 4; lastKnownFileType = sourcecode.c.h; path = i_platform.h; sourceTree = "<group>"; };
		4FC0A9A01E2A9434006CEC45 /* libz.tbd */ = {isa = PBXFileReference; lastKnownFileType = "sourcecode.text-based-dylib-definition"; name = libz.tbd; path = usr/lib/libz.tbd; sourceTree = SDKROOT; };
		4FF7107320A87D2800A150E4 /* Range.h */ = {isa = PBXFileReference; lastKnownFileType = sourcecode.c.h; path = Range.h; sourceTree = "<group>"; };
		4FF7107720A8827A00A150E4 /* XLParser.cpp */ = {isa = PBXFileReference; lastKnownFileType = sourcecode.cpp.cpp; path = XLParser.cpp; sourceTree = "<group>"; };
		4FF7107820A8827A00A150E4 /* XLParser.hpp */ = {isa = PBXFileReference; lastKnownFileType = sourcecode.cpp.h; path = XLParser.hpp; sourceTree = "<group>"; };
		4FF7107A20A88CD800A150E4 /* XLEMapInfoParser.cpp */ = {isa = PBXFileReference; lastKnownFileType = sourcecode.cpp.cpp; path = XLEMapInfoParser.cpp; sourceTree = "<group>"; };
		4FF7107B20A88CD800A150E4 /* XLEMapInfoParser.hpp */ = {isa = PBXFileReference; lastKnownFileType = sourcecode.cpp.h; path = XLEMapInfoParser.hpp; sourceTree = "<group>"; };
		4FF7107D20A8C00100A150E4 /* DoomLevel.cpp */ = {isa = PBXFileReference; lastKnownFileType = sourcecode.cpp.cpp; path = DoomLevel.cpp; sourceTree = "<group>"; };
		4FF7107E20A8C00100A150E4 /* DoomLevel.hpp */ = {isa = PBXFileReference; lastKnownFileType = sourcecode.cpp.h; path = DoomLevel.hpp; sourceTree = "<group>"; };
		4FF7108020A8C2DA00A150E4 /* DataStreamer.cpp */ = {isa = PBXFileReference; lastKnownFileType = sourcecode.cpp.cpp; path = DataStreamer.cpp; sourceTree = "<group>"; };
		4FF7108120A8C2DA00A150E4 /* DataStreamer.hpp */ = {isa = PBXFileReference; lastKnownFileType = sourcecode.cpp.h; path = DataStreamer.hpp; sourceTree = "<group>"; };
		4FF7108420AA1AFA00A150E4 /* confuse.h */ = {isa = PBXFileReference; fileEncoding = 4; lastKnownFileType = sourcecode.c.h; path = confuse.h; sourceTree = "<group>"; };
		4FF7108520AA1AFA00A150E4 /* lexer.cpp */ = {isa = PBXFileReference; fileEncoding = 4; lastKnownFileType = sourcecode.cpp.cpp; path = lexer.cpp; sourceTree = "<group>"; };
		4FF7108620AA1AFA00A150E4 /* lexer.h */ = {isa = PBXFileReference; fileEncoding = 4; lastKnownFileType = sourcecode.c.h; path = lexer.h; sourceTree = "<group>"; };
		4FF7108720AA1AFA00A150E4 /* confuse.cpp */ = {isa = PBXFileReference; fileEncoding = 4; lastKnownFileType = sourcecode.cpp.cpp; path = confuse.cpp; sourceTree = "<group>"; };
		4FF7108A20AA1DFF00A150E4 /* d_dwfile.h */ = {isa = PBXFileReference; fileEncoding = 4; lastKnownFileType = sourcecode.c.h; path = d_dwfile.h; sourceTree = "<group>"; };
		4FF7108B20AA1DFF00A150E4 /* d_io.cpp */ = {isa = PBXFileReference; fileEncoding = 4; lastKnownFileType = sourcecode.cpp.cpp; path = d_io.cpp; sourceTree = "<group>"; };
/* End PBXFileReference section */

/* Begin PBXFrameworksBuildPhase section */
		4FC0A9481E2435C8006CEC45 /* Frameworks */ = {
			isa = PBXFrameworksBuildPhase;
			buildActionMask = 2147483647;
			files = (
				4FC0A9A11E2A9434006CEC45 /* libz.tbd in Frameworks */,
			);
			runOnlyForDeploymentPostprocessing = 0;
		};
/* End PBXFrameworksBuildPhase section */

/* Begin PBXGroup section */
		4FC0A9421E2435C8006CEC45 = {
			isa = PBXGroup;
			children = (
				4FC0A94D1E2435C8006CEC45 /* UDMF-Converter-EE */,
				4FC0A94C1E2435C8006CEC45 /* Products */,
				4FC0A99F1E2A9434006CEC45 /* Frameworks */,
			);
			indentWidth = 3;
			sourceTree = "<group>";
			tabWidth = 3;
		};
		4FC0A94C1E2435C8006CEC45 /* Products */ = {
			isa = PBXGroup;
			children = (
				4FC0A94B1E2435C8006CEC45 /* UDMF-Converter-EE */,
			);
			name = Products;
			sourceTree = "<group>";
		};
		4FC0A94D1E2435C8006CEC45 /* UDMF-Converter-EE */ = {
			isa = PBXGroup;
			children = (
				4F8234C21F5ABA5900761B6E /* Arguments.cpp */,
				4F8234C31F5ABA5900761B6E /* Arguments.hpp */,
				4FF7108320AA1AFA00A150E4 /* Confuse */,
				4FF7108020A8C2DA00A150E4 /* DataStreamer.cpp */,
				4FF7108120A8C2DA00A150E4 /* DataStreamer.hpp */,
				4FF7107D20A8C00100A150E4 /* DoomLevel.cpp */,
				4FF7107E20A8C00100A150E4 /* DoomLevel.hpp */,
				4F32C286221DE2F000FAA243 /* ExtraData.cpp */,
				4F32C287221DE2F000FAA243 /* ExtraData.hpp */,
				4FC0A96F1E243A52006CEC45 /* hal */,
				4F8234C51F5AD92000761B6E /* LineSpecialMapping.cpp */,
				4F8234C61F5AD92000761B6E /* LineSpecialMapping.hpp */,
				4F8234B91F5AA17800761B6E /* Lump.cpp */,
				4F8234BA1F5AA17800761B6E /* Lump.hpp */,
				4FC0A94E1E2435C8006CEC45 /* main.cpp */,
				4F8234B21F5A9FD700761B6E /* MapItems.h */,
				4FF7107320A87D2800A150E4 /* Range.h */,
				4F8234BC1F5AA25A00761B6E /* Result.cpp */,
				4F8234BD1F5AA25A00761B6E /* Result.hpp */,
				4F8234BF1F5AB98D00761B6E /* Helpers.cpp */,
				4F8234C01F5AB98D00761B6E /* Helpers.hpp */,
				4F8234B61F5AA11200761B6E /* Wad.cpp */,
				4F8234B71F5AA11200761B6E /* Wad.hpp */,
				4FF7107A20A88CD800A150E4 /* XLEMapInfoParser.cpp */,
				4FF7107B20A88CD800A150E4 /* XLEMapInfoParser.hpp */,
				4FF7107720A8827A00A150E4 /* XLParser.cpp */,
				4FF7107820A8827A00A150E4 /* XLParser.hpp */,
				4F32C283221DD69400FAA243 /* UDMFItems.cpp */,
				4F32C284221DD69400FAA243 /* UDMFItems.hpp */,
			);
			path = "UDMF-Converter-EE";
			sourceTree = "<group>";
		};
		4FC0A96F1E243A52006CEC45 /* hal */ = {
			isa = PBXGroup;
			children = (
				4FC0A99C1E2A9411006CEC45 /* i_platform.cpp */,
				4FC0A99D1E2A9411006CEC45 /* i_platform.h */,
			);
			path = hal;
			sourceTree = "<group>";
		};
		4FC0A99F1E2A9434006CEC45 /* Frameworks */ = {
			isa = PBXGroup;
			children = (
				4FC0A9A01E2A9434006CEC45 /* libz.tbd */,
			);
			name = Frameworks;
			sourceTree = "<group>";
		};
		4FF7108320AA1AFA00A150E4 /* Confuse */ = {
			isa = PBXGroup;
			children = (
				4FF7108720AA1AFA00A150E4 /* confuse.cpp */,
				4FF7108420AA1AFA00A150E4 /* confuse.h */,
				4FF7108A20AA1DFF00A150E4 /* d_dwfile.h */,
				4FF7108B20AA1DFF00A150E4 /* d_io.cpp */,
				4FF7108520AA1AFA00A150E4 /* lexer.cpp */,
				4FF7108620AA1AFA00A150E4 /* lexer.h */,
			);
			path = Confuse;
			sourceTree = "<group>";
		};
/* End PBXGroup section */

/* Begin PBXNativeTarget section */
		4FC0A94A1E2435C8006CEC45 /* UDMF-Converter-EE */ = {
			isa = PBXNativeTarget;
			buildConfigurationList = 4FC0A9521E2435C8006CEC45 /* Build configuration list for PBXNativeTarget "UDMF-Converter-EE" */;
			buildPhases = (
				4FC0A9471E2435C8006CEC45 /* Sources */,
				4FC0A9481E2435C8006CEC45 /* Frameworks */,
				4FC0A9491E2435C8006CEC45 /* CopyFiles */,
			);
			buildRules = (
			);
			dependencies = (
			);
			name = "UDMF-Converter-EE";
			productName = "UDMF-Converter-EE";
			productReference = 4FC0A94B1E2435C8006CEC45 /* UDMF-Converter-EE */;
			productType = "com.apple.product-type.tool";
		};
/* End PBXNativeTarget section */

/* Begin PBXProject section */
		4FC0A9431E2435C8006CEC45 /* Project object */ = {
			isa = PBXProject;
			attributes = {
				LastUpgradeCheck = 1010;
				ORGANIZATIONNAME = "Team Eternity";
				TargetAttributes = {
					4FC0A94A1E2435C8006CEC45 = {
						CreatedOnToolsVersion = 8.2.1;
						DevelopmentTeam = 66L236F264;
						ProvisioningStyle = Automatic;
					};
				};
			};
			buildConfigurationList = 4FC0A9461E2435C8006CEC45 /* Build configuration list for PBXProject "UDMF-Converter-EE" */;
			compatibilityVersion = "Xcode 3.2";
			developmentRegion = English;
			hasScannedForEncodings = 0;
			knownRegions = (
				en,
			);
			mainGroup = 4FC0A9421E2435C8006CEC45;
			productRefGroup = 4FC0A94C1E2435C8006CEC45 /* Products */;
			projectDirPath = "";
			projectRoot = "";
			targets = (
				4FC0A94A1E2435C8006CEC45 /* UDMF-Converter-EE */,
			);
		};
/* End PBXProject section */

/* Begin PBXSourcesBuildPhase section */
		4FC0A9471E2435C8006CEC45 /* Sources */ = {
			isa = PBXSourcesBuildPhase;
			buildActionMask = 2147483647;
			files = (
				4F8234BE1F5AA25A00761B6E /* Result.cpp in Sources */,
				4FF7108820AA1AFA00A150E4 /* lexer.cpp in Sources */,
				4FF7108C20AA1DFF00A150E4 /* d_io.cpp in Sources */,
				4F8234B81F5AA11200761B6E /* Wad.cpp in Sources */,
				4FC0A94F1E2435C8006CEC45 /* main.cpp in Sources */,
				4FF7108920AA1AFA00A150E4 /* confuse.cpp in Sources */,
				4F8234BB1F5AA17800761B6E /* Lump.cpp in Sources */,
				4F32C285221DD69400FAA243 /* UDMFItems.cpp in Sources */,
				4FF7108220A8C2DA00A150E4 /* DataStreamer.cpp in Sources */,
				4FF7107C20A88CD800A150E4 /* XLEMapInfoParser.cpp in Sources */,
				4FF7107F20A8C00100A150E4 /* DoomLevel.cpp in Sources */,
				4FF7107920A8827A00A150E4 /* XLParser.cpp in Sources */,
				4F8234C71F5AD92000761B6E /* LineSpecialMapping.cpp in Sources */,
				4F32C288221DE2F000FAA243 /* ExtraData.cpp in Sources */,
				4F8234C11F5AB98D00761B6E /* Helpers.cpp in Sources */,
				4FC0A99E1E2A9411006CEC45 /* i_platform.cpp in Sources */,
				4F8234C41F5ABA5900761B6E /* Arguments.cpp in Sources */,
			);
			runOnlyForDeploymentPostprocessing = 0;
		};
/* End PBXSourcesBuildPhase section */

/* Begin XCBuildConfiguration section */
		4FC0A9501E2435C8006CEC45 /* Debug */ = {
			isa = XCBuildConfiguration;
			buildSettings = {
				ALWAYS_SEARCH_USER_PATHS = NO;
				CLANG_ANALYZER_NONNULL = YES;
				CLANG_CXX_LANGUAGE_STANDARD = "gnu++0x";
				CLANG_CXX_LIBRARY = "libc++";
				CLANG_ENABLE_MODULES = YES;
				CLANG_ENABLE_OBJC_ARC = YES;
				CLANG_WARN_BLOCK_CAPTURE_AUTORELEASING = YES;
				CLANG_WARN_BOOL_CONVERSION = YES;
				CLANG_WARN_CONSTANT_CONVERSION = YES;
				CLANG_WARN_DEPRECATED_OBJC_IMPLEMENTATIONS = YES;
				CLANG_WARN_DIRECT_OBJC_ISA_USAGE = YES_ERROR;
				CLANG_WARN_EMPTY_BODY = YES;
				CLANG_WARN_ENUM_CONVERSION = YES;
				CLANG_WARN_INFINITE_RECURSION = YES;
				CLANG_WARN_INT_CONVERSION = YES;
				CLANG_WARN_NON_LITERAL_NULL_CONVERSION = YES;
				CLANG_WARN_OBJC_IMPLICIT_RETAIN_SELF = YES;
				CLANG_WARN_OBJC_LITERAL_CONVERSION = YES;
				CLANG_WARN_OBJC_ROOT_CLASS = YES_ERROR;
				CLANG_WARN_RANGE_LOOP_ANALYSIS = YES;
				CLANG_WARN_STRICT_PROTOTYPES = YES;
				CLANG_WARN_SUSPICIOUS_MOVE = YES;
				CLANG_WARN_UNREACHABLE_CODE = YES;
				CLANG_WARN__DUPLICATE_METHOD_MATCH = YES;
				CODE_SIGN_IDENTITY = "-";
				COPY_PHASE_STRIP = NO;
				DEBUG_INFORMATION_FORMAT = dwarf;
				ENABLE_STRICT_OBJC_MSGSEND = YES;
				ENABLE_TESTABILITY = YES;
				GCC_C_LANGUAGE_STANDARD = gnu99;
				GCC_DYNAMIC_NO_PIC = NO;
				GCC_NO_COMMON_BLOCKS = YES;
				GCC_OPTIMIZATION_LEVEL = 0;
				GCC_PREPROCESSOR_DEFINITIONS = (
					"DEBUG=1",
					"$(inherited)",
				);
				GCC_WARN_64_TO_32_BIT_CONVERSION = YES;
				GCC_WARN_ABOUT_RETURN_TYPE = YES_ERROR;
				GCC_WARN_UNDECLARED_SELECTOR = YES;
				GCC_WARN_UNINITIALIZED_AUTOS = YES_AGGRESSIVE;
				GCC_WARN_UNUSED_FUNCTION = YES;
				GCC_WARN_UNUSED_VARIABLE = YES;
				MACOSX_DEPLOYMENT_TARGET = 10.12;
				MTL_ENABLE_DEBUG_INFO = YES;
				ONLY_ACTIVE_ARCH = YES;
				SDKROOT = macosx;
			};
			name = Debug;
		};
		4FC0A9511E2435C8006CEC45 /* Release */ = {
			isa = XCBuildConfiguration;
			buildSettings = {
				ALWAYS_SEARCH_USER_PATHS = NO;
				CLANG_ANALYZER_NONNULL = YES;
				CLANG_CXX_LANGUAGE_STANDARD = "gnu++0x";
				CLANG_CXX_LIBRARY = "libc++";
				CLANG_ENABLE_MODULES = YES;
				CLANG_ENABLE_OBJC_ARC = YES;
				CLANG_WARN_BLOCK_CAPTURE_AUTORELEASING = YES;
				CLANG_WARN_BOOL_CONVERSION = YES;
				CLANG_WARN_CONSTANT_CONVERSION = YES;
				CLANG_WARN_DEPRECATED_OBJC_IMPLEMENTATIONS = YES;
				CLANG_WARN_DIRECT_OBJC_ISA_USAGE = YES_ERROR;
				CLANG_WARN_EMPTY_BODY = YES;
				CLANG_WARN_ENUM_CONVERSION = YES;
				CLANG_WARN_INFINITE_RECURSION = YES;
				CLANG_WARN_INT_CONVERSION = YES;
				CLANG_WARN_NON_LITERAL_NULL_CONVERSION = YES;
				CLANG_WARN_OBJC_IMPLICIT_RETAIN_SELF = YES;
				CLANG_WARN_OBJC_LITERAL_CONVERSION = YES;
				CLANG_WARN_OBJC_ROOT_CLASS = YES_ERROR;
				CLANG_WARN_RANGE_LOOP_ANALYSIS = YES;
				CLANG_WARN_STRICT_PROTOTYPES = YES;
				CLANG_WARN_SUSPICIOUS_MOVE = YES;
				CLANG_WARN_UNREACHABLE_CODE = YES;
				CLANG_WARN__DUPLICATE_METHOD_MATCH = YES;
				CODE_SIGN_IDENTITY = "-";
				COPY_PHASE_STRIP = NO;
				DEBUG_INFORMATION_FORMAT = "dwarf-with-dsym";
				ENABLE_NS_ASSERTIONS = NO;
				ENABLE_STRICT_OBJC_MSGSEND = YES;
				GCC_C_LANGUAGE_STANDARD = gnu99;
				GCC_NO_COMMON_BLOCKS = YES;
				GCC_WARN_64_TO_32_BIT_CONVERSION = YES;
				GCC_WARN_ABOUT_RETURN_TYPE = YES_ERROR;
				GCC_WARN_UNDECLARED_SELECTOR = YES;
				GCC_WARN_UNINITIALIZED_AUTOS = YES_AGGRESSIVE;
				GCC_WARN_UNUSED_FUNCTION = YES;
				GCC_WARN_UNUSED_VARIABLE = YES;
				MACOSX_DEPLOYMENT_TARGET = 10.12;
				MTL_ENABLE_DEBUG_INFO = NO;
				SDKROOT = macosx;
			};
			name = Release;
		};
		4FC0A9531E2435C8006CEC45 /* Debug */ = {
			isa = XCBuildConfiguration;
			buildSettings = {
				DEVELOPMENT_TEAM = 66L236F264;
				PRODUCT_NAME = "$(TARGET_NAME)";
			};
			name = Debug;
		};
		4FC0A9541E2435C8006CEC45 /* Release */ = {
			isa = XCBuildConfiguration;
			buildSettings = {
				DEVELOPMENT_TEAM = 66L236F264;
				PRODUCT_NAME = "$(TARGET_NAME)";
			};
			name = Release;
		};
/* End XCBuildConfiguration section */

/* Begin XCConfigurationList section */
		4FC0A9461E2435C8006CEC45 /* Build configuration list for PBXProject "UDMF-Converter-EE" */ = {
			isa = XCConfigurationList;
			buildConfigurations = (
				4FC0A9501E2435C8006CEC45 /* Debug */,
				4FC0A9511E2435C8006CEC45 /* Release */,
			);
			defaultConfigurationIsVisible = 0;
			defaultConfigurationName = Release;
		};
		4FC0A9521E2435C8006CEC45 /* Build configuration list for PBXNativeTarget "UDMF-Converter-EE" */ = {
			isa = XCConfigurationList;
			buildConfigurations = (
				4FC0A9531E2435C8006CEC45 /* Debug */,
				4FC0A9541E2435C8006CEC45 /* Release */,
			);
			defaultConfigurationIsVisible = 0;
			defaultConfigurationName = Release;
		};
/* End XCConfigurationList section */
	};
	rootObject = 4FC0A9431E2435C8006CEC45 /* Project object */;
}
