<?xml version="1.0" encoding="utf-8"?>
<Project ToolsVersion="4.0" xmlns="http://schemas.microsoft.com/developer/msbuild/2003">
  <ItemGroup>
    <Filter Include="Source Files">
      <UniqueIdentifier>{4FC737F1-C7A5-4376-A066-2A32D752A2FF}</UniqueIdentifier>
      <Extensions>cpp;c;cc;cxx;def;odl;idl;hpj;bat;asm;asmx</Extensions>
    </Filter>
    <Filter Include="Header Files">
      <UniqueIdentifier>{93995380-89BD-4b04-88EB-625FBE52EBFB}</UniqueIdentifier>
      <Extensions>h;hh;hpp;hxx;hm;inl;inc;xsd</Extensions>
    </Filter>
    <Filter Include="Resource Files">
      <UniqueIdentifier>{67DA6AB6-F800-4c08-8B7A-83BB121AAD01}</UniqueIdentifier>
      <Extensions>rc;ico;cur;bmp;dlg;rc2;rct;bin;rgs;gif;jpg;jpeg;jpe;resx;tiff;tif;png;wav;mfcribbon-ms</Extensions>
    </Filter>
    <Filter Include="Source Files\hal">
      <UniqueIdentifier>{8f8ca38c-fd72-4660-b5e4-5d29242ace29}</UniqueIdentifier>
    </Filter>
    <Filter Include="Header Files\hal">
      <UniqueIdentifier>{a5c32d79-1e51-41e7-9f90-0a3935b9c497}</UniqueIdentifier>
    </Filter>
    <Filter Include="Header Files\Win32">
      <UniqueIdentifier>{ffb55dbd-6d1d-4515-bfb8-a65d12b8ae5b}</UniqueIdentifier>
    </Filter>
    <Filter Include="Source Files\Win32">
      <UniqueIdentifier>{e5e61dc8-a575-47d0-8c13-566b0475f08a}</UniqueIdentifier>
    </Filter>
  </ItemGroup>
  <ItemGroup>
    <ClCompile Include="..\UDMF-Converter-EE\Arguments.cpp">
      <Filter>Source Files</Filter>
    </ClCompile>
    <ClCompile Include="..\UDMF-Converter-EE\Converter.cpp">
      <Filter>Source Files</Filter>
    </ClCompile>
    <ClCompile Include="..\UDMF-Converter-EE\d_dehtbl.cpp">
      <Filter>Source Files</Filter>
    </ClCompile>
    <ClCompile Include="..\UDMF-Converter-EE\Helpers.cpp">
      <Filter>Source Files</Filter>
    </ClCompile>
    <ClCompile Include="..\UDMF-Converter-EE\i_system.cpp">
      <Filter>Source Files</Filter>
    </ClCompile>
    <ClCompile Include="..\UDMF-Converter-EE\Lump.cpp">
      <Filter>Source Files</Filter>
    </ClCompile>
    <ClCompile Include="..\UDMF-Converter-EE\m_argv.cpp">
      <Filter>Source Files</Filter>
    </ClCompile>
    <ClCompile Include="..\UDMF-Converter-EE\m_buffer.cpp">
      <Filter>Source Files</Filter>
    </ClCompile>
    <ClCompile Include="..\UDMF-Converter-EE\m_hash.cpp">
      <Filter>Source Files</Filter>
    </ClCompile>
    <ClCompile Include="..\UDMF-Converter-EE\m_qstr.cpp">
      <Filter>Source Files</Filter>
    </ClCompile>
    <ClCompile Include="..\UDMF-Converter-EE\m_strcasestr.cpp">
      <Filter>Source Files</Filter>
    </ClCompile>
    <ClCompile Include="..\UDMF-Converter-EE\m_utils.cpp">
      <Filter>Source Files</Filter>
    </ClCompile>
    <ClCompile Include="..\UDMF-Converter-EE\main.cpp">
      <Filter>Source Files</Filter>
    </ClCompile>
    <ClCompile Include="..\UDMF-Converter-EE\Result.cpp">
      <Filter>Source Files</Filter>
    </ClCompile>
    <ClCompile Include="..\UDMF-Converter-EE\w_formats.cpp">
      <Filter>Source Files</Filter>
    </ClCompile>
    <ClCompile Include="..\UDMF-Converter-EE\w_hacks.cpp">
      <Filter>Source Files</Filter>
    </ClCompile>
    <ClCompile Include="..\UDMF-Converter-EE\w_wad.cpp">
      <Filter>Source Files</Filter>
    </ClCompile>
    <ClCompile Include="..\UDMF-Converter-EE\Wad.cpp">
      <Filter>Source Files</Filter>
    </ClCompile>
    <ClCompile Include="..\UDMF-Converter-EE\z_native.cpp">
      <Filter>Source Files</Filter>
    </ClCompile>
    <ClCompile Include="..\UDMF-Converter-EE\hal\i_directory.cpp">
      <Filter>Source Files\hal</Filter>
    </ClCompile>
    <ClCompile Include="..\UDMF-Converter-EE\hal\i_platform.cpp">
      <Filter>Source Files\hal</Filter>
    </ClCompile>
    <ClCompile Include="..\UDMF-Converter-EE\Win32\i_opndir.cpp">
      <Filter>Source Files\Win32</Filter>
    </ClCompile>
  </ItemGroup>
  <ItemGroup>
    <ClInclude Include="..\UDMF-Converter-EE\Arguments.hpp">
      <Filter>Header Files</Filter>
    </ClInclude>
    <ClInclude Include="..\UDMF-Converter-EE\Converter.hpp">
      <Filter>Header Files</Filter>
    </ClInclude>
    <ClInclude Include="..\UDMF-Converter-EE\d_dehtbl.h">
      <Filter>Header Files</Filter>
    </ClInclude>
    <ClInclude Include="..\UDMF-Converter-EE\d_io.h">
      <Filter>Header Files</Filter>
    </ClInclude>
    <ClInclude Include="..\UDMF-Converter-EE\d_keywds.h">
      <Filter>Header Files</Filter>
    </ClInclude>
    <ClInclude Include="..\UDMF-Converter-EE\doomtype.h">
      <Filter>Header Files</Filter>
    </ClInclude>
    <ClInclude Include="..\UDMF-Converter-EE\Helpers.hpp">
      <Filter>Header Files</Filter>
    </ClInclude>
    <ClInclude Include="..\UDMF-Converter-EE\i_system.h">
      <Filter>Header Files</Filter>
    </ClInclude>
    <ClInclude Include="..\UDMF-Converter-EE\Lump.hpp">
      <Filter>Header Files</Filter>
    </ClInclude>
    <ClInclude Include="..\UDMF-Converter-EE\m_argv.h">
      <Filter>Header Files</Filter>
    </ClInclude>
    <ClInclude Include="..\UDMF-Converter-EE\m_binary.h">
      <Filter>Header Files</Filter>
    </ClInclude>
    <ClInclude Include="..\UDMF-Converter-EE\m_buffer.h">
      <Filter>Header Files</Filter>
    </ClInclude>
    <ClInclude Include="..\UDMF-Converter-EE\m_collection.h">
      <Filter>Header Files</Filter>
    </ClInclude>
    <ClInclude Include="..\UDMF-Converter-EE\m_compare.h">
      <Filter>Header Files</Filter>
    </ClInclude>
    <ClInclude Include="..\UDMF-Converter-EE\m_ctype.h">
      <Filter>Header Files</Filter>
    </ClInclude>
    <ClInclude Include="..\UDMF-Converter-EE\m_dllist.h">
      <Filter>Header Files</Filter>
    </ClInclude>
    <ClInclude Include="..\UDMF-Converter-EE\m_fixed.h">
      <Filter>Header Files</Filter>
    </ClInclude>
    <ClInclude Include="..\UDMF-Converter-EE\m_hash.h">
      <Filter>Header Files</Filter>
    </ClInclude>
    <ClInclude Include="..\UDMF-Converter-EE\m_qstr.h">
      <Filter>Header Files</Filter>
    </ClInclude>
    <ClInclude Include="..\UDMF-Converter-EE\m_random.h">
      <Filter>Header Files</Filter>
    </ClInclude>
    <ClInclude Include="..\UDMF-Converter-EE\m_strcasestr.h">
      <Filter>Header Files</Filter>
    </ClInclude>
    <ClInclude Include="..\UDMF-Converter-EE\m_structio.h">
      <Filter>Header Files</Filter>
    </ClInclude>
    <ClInclude Include="..\UDMF-Converter-EE\m_swap.h">
      <Filter>Header Files</Filter>
    </ClInclude>
    <ClInclude Include="..\UDMF-Converter-EE\m_utils.h">
      <Filter>Header Files</Filter>
    </ClInclude>
    <ClInclude Include="..\UDMF-Converter-EE\MapItems.h">
      <Filter>Header Files</Filter>
    </ClInclude>
    <ClInclude Include="..\UDMF-Converter-EE\Result.hpp">
      <Filter>Header Files</Filter>
    </ClInclude>
    <ClInclude Include="..\UDMF-Converter-EE\w_formats.h">
      <Filter>Header Files</Filter>
    </ClInclude>
    <ClInclude Include="..\UDMF-Converter-EE\w_hacks.h">
      <Filter>Header Files</Filter>
    </ClInclude>
    <ClInclude Include="..\UDMF-Converter-EE\w_wad.h">
      <Filter>Header Files</Filter>
    </ClInclude>
    <ClInclude Include="..\UDMF-Converter-EE\Wad.hpp">
      <Filter>Header Files</Filter>
    </ClInclude>
    <ClInclude Include="..\UDMF-Converter-EE\z_auto.h">
      <Filter>Header Files</Filter>
    </ClInclude>
    <ClInclude Include="..\UDMF-Converter-EE\z_zone.h">
      <Filter>Header Files</Filter>
    </ClInclude>
    <ClInclude Include="..\UDMF-Converter-EE\hal\i_directory.h">
      <Filter>Header Files\hal</Filter>
    </ClInclude>
    <ClInclude Include="..\UDMF-Converter-EE\hal\i_platform.h">
      <Filter>Header Files\hal</Filter>
    </ClInclude>
    <ClInclude Include="..\UDMF-Converter-EE\Win32\i_opndir.h">
      <Filter>Header Files\Win32</Filter>
    </ClInclude>
  </ItemGroup>
</Project>